
Microsoft Visual Studio Solution File, Format Version 12.00
# Visual Studio Version 17
VisualStudioVersion = 17.12.35527.113 d17.12
MinimumVisualStudioVersion = 10.0.40219.1
Project("{FAE04EC0-301F-11D3-BF4B-00C04F79EFBC}") = "SPTDevDemoFiles", "SPTDevDemoFiles.csproj", "{BF1EBED9-211D-4226-9B6A-9C2D6AE41740}"
EndProject
Global
	GlobalSection(SolutionConfigurationPlatforms) = preSolution
		Debug|Any CPU = Debug|Any CPU
		Release|Any CPU = Release|Any CPU
	EndGlobalSection
	GlobalSection(ProjectConfigurationPlatforms) = postSolution
		{BF1EBED9-211D-4226-9B6A-9C2D6AE41740}.Debug|Any CPU.ActiveCfg = Debug|Any CPU
		{BF1EBED9-211D-4226-9B6A-9C2D6AE41740}.Debug|Any CPU.Build.0 = Debug|Any CPU
		{BF1EBED9-211D-4226-9B6A-9C2D6AE41740}.Release|Any CPU.ActiveCfg = Release|Any CPU
		{BF1EBED9-211D-4226-9B6A-9C2D6AE41740}.Release|Any CPU.Build.0 = Release|Any CPU
	EndGlobalSection
	GlobalSection(SolutionProperties) = preSolution
		HideSolutionNode = FALSE
	EndGlobalSection
EndGlobal
